
Microsoft Visual Studio Solution File, Format Version 12.00
# Visual Studio 15
VisualStudioVersion = 15.0.27703.2026
MinimumVisualStudioVersion = 10.0.40219.1
Project("{FAE04EC0-301F-11D3-BF4B-00C04F79EFBC}") = "PatientManagement", "PatientManagement\PatientManagement.csproj", "{B32E9B63-B6AC-4032-B771-CDE74773F8C3}"
EndProject
Global
	GlobalSection(SolutionConfigurationPlatforms) = preSolution
		Debug|Any CPU = Debug|Any CPU
		Release|Any CPU = Release|Any CPU
	EndGlobalSection
	GlobalSection(ProjectConfigurationPlatforms) = postSolution
		{B32E9B63-B6AC-4032-B771-CDE74773F8C3}.Debug|Any CPU.ActiveCfg = Debug|Any CPU
		{B32E9B63-B6AC-4032-B771-CDE74773F8C3}.Debug|Any CPU.Build.0 = Debug|Any CPU
		{B32E9B63-B6AC-4032-B771-CDE74773F8C3}.Release|Any CPU.ActiveCfg = Release|Any CPU
		{B32E9B63-B6AC-4032-B771-CDE74773F8C3}.Release|Any CPU.Build.0 = Release|Any CPU
	EndGlobalSection
	GlobalSection(SolutionProperties) = preSolution
		HideSolutionNode = FALSE
	EndGlobalSection
	GlobalSection(ExtensibilityGlobals) = postSolution
		SolutionGuid = {5DE457C5-8681-4AC0-B183-EEE8172F1F32}
	EndGlobalSection
EndGlobal
